
Microsoft Visual Studio Solution File, Format Version 12.00
# Visual Studio 15
VisualStudioVersion = 15.0.26124.0
MinimumVisualStudioVersion = 15.0.26124.0
Project("{FAE04EC0-301F-11D3-BF4B-00C04F79EFBC}") = "Domain", "Domain\Domain.csproj", "{4903B016-BCAA-4793-86BB-DE37B9AD0A9B}"
EndProject
Project("{FAE04EC0-301F-11D3-BF4B-00C04F79EFBC}") = "Application", "Application\Application.csproj", "{064133BD-514F-44F4-BD4F-7AF16FEB20C2}"
EndProject
Project("{FAE04EC0-301F-11D3-BF4B-00C04F79EFBC}") = "Persistence", "Persistence\Persistence.csproj", "{788602CC-DFAD-437F-9674-22204BE176F5}"
EndProject
Project("{FAE04EC0-301F-11D3-BF4B-00C04F79EFBC}") = "API", "API\API.csproj", "{F938C94C-8E62-4565-9F63-7DDE329FBCF1}"
EndProject
Global
	GlobalSection(SolutionConfigurationPlatforms) = preSolution
		Debug|Any CPU = Debug|Any CPU
		Debug|x64 = Debug|x64
		Debug|x86 = Debug|x86
		Release|Any CPU = Release|Any CPU
		Release|x64 = Release|x64
		Release|x86 = Release|x86
	EndGlobalSection
	GlobalSection(SolutionProperties) = preSolution
		HideSolutionNode = FALSE
	EndGlobalSection
	GlobalSection(ProjectConfigurationPlatforms) = postSolution
		{4903B016-BCAA-4793-86BB-DE37B9AD0A9B}.Debug|Any CPU.ActiveCfg = Debug|Any CPU
		{4903B016-BCAA-4793-86BB-DE37B9AD0A9B}.Debug|Any CPU.Build.0 = Debug|Any CPU
		{4903B016-BCAA-4793-86BB-DE37B9AD0A9B}.Debug|x64.ActiveCfg = Debug|Any CPU
		{4903B016-BCAA-4793-86BB-DE37B9AD0A9B}.Debug|x64.Build.0 = Debug|Any CPU
		{4903B016-BCAA-4793-86BB-DE37B9AD0A9B}.Debug|x86.ActiveCfg = Debug|Any CPU
		{4903B016-BCAA-4793-86BB-DE37B9AD0A9B}.Debug|x86.Build.0 = Debug|Any CPU
		{4903B016-BCAA-4793-86BB-DE37B9AD0A9B}.Release|Any CPU.ActiveCfg = Release|Any CPU
		{4903B016-BCAA-4793-86BB-DE37B9AD0A9B}.Release|Any CPU.Build.0 = Release|Any CPU
		{4903B016-BCAA-4793-86BB-DE37B9AD0A9B}.Release|x64.ActiveCfg = Release|Any CPU
		{4903B016-BCAA-4793-86BB-DE37B9AD0A9B}.Release|x64.Build.0 = Release|Any CPU
		{4903B016-BCAA-4793-86BB-DE37B9AD0A9B}.Release|x86.ActiveCfg = Release|Any CPU
		{4903B016-BCAA-4793-86BB-DE37B9AD0A9B}.Release|x86.Build.0 = Release|Any CPU
		{064133BD-514F-44F4-BD4F-7AF16FEB20C2}.Debug|Any CPU.ActiveCfg = Debug|Any CPU
		{064133BD-514F-44F4-BD4F-7AF16FEB20C2}.Debug|Any CPU.Build.0 = Debug|Any CPU
		{064133BD-514F-44F4-BD4F-7AF16FEB20C2}.Debug|x64.ActiveCfg = Debug|Any CPU
		{064133BD-514F-44F4-BD4F-7AF16FEB20C2}.Debug|x64.Build.0 = Debug|Any CPU
		{064133BD-514F-44F4-BD4F-7AF16FEB20C2}.Debug|x86.ActiveCfg = Debug|Any CPU
		{064133BD-514F-44F4-BD4F-7AF16FEB20C2}.Debug|x86.Build.0 = Debug|Any CPU
		{064133BD-514F-44F4-BD4F-7AF16FEB20C2}.Release|Any CPU.ActiveCfg = Release|Any CPU
		{064133BD-514F-44F4-BD4F-7AF16FEB20C2}.Release|Any CPU.Build.0 = Release|Any CPU
		{064133BD-514F-44F4-BD4F-7AF16FEB20C2}.Release|x64.ActiveCfg = Release|Any CPU
		{064133BD-514F-44F4-BD4F-7AF16FEB20C2}.Release|x64.Build.0 = Release|Any CPU
		{064133BD-514F-44F4-BD4F-7AF16FEB20C2}.Release|x86.ActiveCfg = Release|Any CPU
		{064133BD-514F-44F4-BD4F-7AF16FEB20C2}.Release|x86.Build.0 = Release|Any CPU
		{788602CC-DFAD-437F-9674-22204BE176F5}.Debug|Any CPU.ActiveCfg = Debug|Any CPU
		{788602CC-DFAD-437F-9674-22204BE176F5}.Debug|Any CPU.Build.0 = Debug|Any CPU
		{788602CC-DFAD-437F-9674-22204BE176F5}.Debug|x64.ActiveCfg = Debug|Any CPU
		{788602CC-DFAD-437F-9674-22204BE176F5}.Debug|x64.Build.0 = Debug|Any CPU
		{788602CC-DFAD-437F-9674-22204BE176F5}.Debug|x86.ActiveCfg = Debug|Any CPU
		{788602CC-DFAD-437F-9674-22204BE176F5}.Debug|x86.Build.0 = Debug|Any CPU
		{788602CC-DFAD-437F-9674-22204BE176F5}.Release|Any CPU.ActiveCfg = Release|Any CPU
		{788602CC-DFAD-437F-9674-22204BE176F5}.Release|Any CPU.Build.0 = Release|Any CPU
		{788602CC-DFAD-437F-9674-22204BE176F5}.Release|x64.ActiveCfg = Release|Any CPU
		{788602CC-DFAD-437F-9674-22204BE176F5}.Release|x64.Build.0 = Release|Any CPU
		{788602CC-DFAD-437F-9674-22204BE176F5}.Release|x86.ActiveCfg = Release|Any CPU
		{788602CC-DFAD-437F-9674-22204BE176F5}.Release|x86.Build.0 = Release|Any CPU
		{F938C94C-8E62-4565-9F63-7DDE329FBCF1}.Debug|Any CPU.ActiveCfg = Debug|Any CPU
		{F938C94C-8E62-4565-9F63-7DDE329FBCF1}.Debug|Any CPU.Build.0 = Debug|Any CPU
		{F938C94C-8E62-4565-9F63-7DDE329FBCF1}.Debug|x64.ActiveCfg = Debug|Any CPU
		{F938C94C-8E62-4565-9F63-7DDE329FBCF1}.Debug|x64.Build.0 = Debug|Any CPU
		{F938C94C-8E62-4565-9F63-7DDE329FBCF1}.Debug|x86.ActiveCfg = Debug|Any CPU
		{F938C94C-8E62-4565-9F63-7DDE329FBCF1}.Debug|x86.Build.0 = Debug|Any CPU
		{F938C94C-8E62-4565-9F63-7DDE329FBCF1}.Release|Any CPU.ActiveCfg = Release|Any CPU
		{F938C94C-8E62-4565-9F63-7DDE329FBCF1}.Release|Any CPU.Build.0 = Release|Any CPU
		{F938C94C-8E62-4565-9F63-7DDE329FBCF1}.Release|x64.ActiveCfg = Release|Any CPU
		{F938C94C-8E62-4565-9F63-7DDE329FBCF1}.Release|x64.Build.0 = Release|Any CPU
		{F938C94C-8E62-4565-9F63-7DDE329FBCF1}.Release|x86.ActiveCfg = Release|Any CPU
		{F938C94C-8E62-4565-9F63-7DDE329FBCF1}.Release|x86.Build.0 = Release|Any CPU
	EndGlobalSection
EndGlobal
